
Microsoft Visual Studio Solution File, Format Version 12.00
# Visual Studio Version 16
VisualStudioVersion = 25.0.1706.5
MinimumVisualStudioVersion = 10.0.40219.1
Project("{FAE04EC0-301F-11D3-BF4B-00C04F79EFBC}") = "OddNumbers", "OddNumbers\OddNumbers.csproj", "{52D07238-F831-4A80-9683-87BD3A20E26E}"
EndProject
Global
	GlobalSection(SolutionConfigurationPlatforms) = preSolution
		Debug|Any CPU = Debug|Any CPU
		Release|Any CPU = Release|Any CPU
	EndGlobalSection
	GlobalSection(ProjectConfigurationPlatforms) = postSolution
		{52D07238-F831-4A80-9683-87BD3A20E26E}.Debug|Any CPU.ActiveCfg = Debug|Any CPU
		{52D07238-F831-4A80-9683-87BD3A20E26E}.Debug|Any CPU.Build.0 = Debug|Any CPU
		{52D07238-F831-4A80-9683-87BD3A20E26E}.Release|Any CPU.ActiveCfg = Release|Any CPU
		{52D07238-F831-4A80-9683-87BD3A20E26E}.Release|Any CPU.Build.0 = Release|Any CPU
	EndGlobalSection
	GlobalSection(SolutionProperties) = preSolution
		HideSolutionNode = FALSE
	EndGlobalSection
	GlobalSection(ExtensibilityGlobals) = postSolution
		SolutionGuid = {FCBE1AD4-76B4-4DF9-9A8B-92CC69587D10}
	EndGlobalSection
EndGlobal
