
Microsoft Visual Studio Solution File, Format Version 12.00
# Visual Studio Version 16
VisualStudioVersion = 25.0.1706.5
MinimumVisualStudioVersion = 10.0.40219.1
Project("{FAE04EC0-301F-11D3-BF4B-00C04F79EFBC}") = "Desks", "Desks\Desks.csproj", "{673EA9BF-F4CD-44FE-A77D-093D331216FA}"
EndProject
Global
	GlobalSection(SolutionConfigurationPlatforms) = preSolution
		Debug|Any CPU = Debug|Any CPU
		Release|Any CPU = Release|Any CPU
	EndGlobalSection
	GlobalSection(ProjectConfigurationPlatforms) = postSolution
		{673EA9BF-F4CD-44FE-A77D-093D331216FA}.Debug|Any CPU.ActiveCfg = Debug|Any CPU
		{673EA9BF-F4CD-44FE-A77D-093D331216FA}.Debug|Any CPU.Build.0 = Debug|Any CPU
		{673EA9BF-F4CD-44FE-A77D-093D331216FA}.Release|Any CPU.ActiveCfg = Release|Any CPU
		{673EA9BF-F4CD-44FE-A77D-093D331216FA}.Release|Any CPU.Build.0 = Release|Any CPU
	EndGlobalSection
	GlobalSection(SolutionProperties) = preSolution
		HideSolutionNode = FALSE
	EndGlobalSection
	GlobalSection(ExtensibilityGlobals) = postSolution
		SolutionGuid = {20165E26-01EF-49C9-9F83-7FF1B81106BE}
	EndGlobalSection
EndGlobal
